
Microsoft Visual Studio Solution File, Format Version 12.00
# Visual Studio Version 16
VisualStudioVersion = 16.0.29009.5
MinimumVisualStudioVersion = 10.0.40219.1
Project("{9A19103F-16F7-4668-BE54-9A1E7A4F7556}") = "FishTechMobile", "..\FishTechMobile\FishTechMobile\FishTechMobile.csproj", "{FD0246A0-56FA-497A-B343-C22790530A2D}"
EndProject
Project("{FAE04EC0-301F-11D3-BF4B-00C04F79EFBC}") = "FishTechMobile.Android", "..\FishTechMobile\FishTechMobile.Android\FishTechMobile.Android.csproj", "{DA91C012-FA56-4BFB-8B9A-3DD522C4D4B2}"
EndProject
Project("{FAE04EC0-301F-11D3-BF4B-00C04F79EFBC}") = "FishTechMobile.iOS", "..\FishTechMobile\FishTechMobile.iOS\FishTechMobile.iOS.csproj", "{D904EB6D-9D48-4FA5-9544-6118459942EA}"
EndProject
Project("{9A19103F-16F7-4668-BE54-9A1E7A4F7556}") = "FishTechWebManager", "..\FishTechWebManager\FishTechWebManager.csproj", "{0537835E-C453-493D-BE1D-3B3012D91B10}"
EndProject
Project("{9A19103F-16F7-4668-BE54-9A1E7A4F7556}") = "FishTechAPI", "FishTechAPI\FishTechAPI.csproj", "{BA7A9B73-29B1-496D-9858-DFE3C8AEF0FA}"
EndProject
Global
	GlobalSection(SolutionConfigurationPlatforms) = preSolution
		Debug|Any CPU = Debug|Any CPU
		Debug|iPhone = Debug|iPhone
		Debug|iPhoneSimulator = Debug|iPhoneSimulator
		Release|Any CPU = Release|Any CPU
		Release|iPhone = Release|iPhone
		Release|iPhoneSimulator = Release|iPhoneSimulator
	EndGlobalSection
	GlobalSection(ProjectConfigurationPlatforms) = postSolution
		{FD0246A0-56FA-497A-B343-C22790530A2D}.Debug|Any CPU.ActiveCfg = Debug|Any CPU
		{FD0246A0-56FA-497A-B343-C22790530A2D}.Debug|Any CPU.Build.0 = Debug|Any CPU
		{FD0246A0-56FA-497A-B343-C22790530A2D}.Debug|iPhone.ActiveCfg = Debug|Any CPU
		{FD0246A0-56FA-497A-B343-C22790530A2D}.Debug|iPhone.Build.0 = Debug|Any CPU
		{FD0246A0-56FA-497A-B343-C22790530A2D}.Debug|iPhoneSimulator.ActiveCfg = Debug|Any CPU
		{FD0246A0-56FA-497A-B343-C22790530A2D}.Debug|iPhoneSimulator.Build.0 = Debug|Any CPU
		{FD0246A0-56FA-497A-B343-C22790530A2D}.Release|Any CPU.ActiveCfg = Release|Any CPU
		{FD0246A0-56FA-497A-B343-C22790530A2D}.Release|Any CPU.Build.0 = Release|Any CPU
		{FD0246A0-56FA-497A-B343-C22790530A2D}.Release|iPhone.ActiveCfg = Release|Any CPU
		{FD0246A0-56FA-497A-B343-C22790530A2D}.Release|iPhone.Build.0 = Release|Any CPU
		{FD0246A0-56FA-497A-B343-C22790530A2D}.Release|iPhoneSimulator.ActiveCfg = Release|Any CPU
		{FD0246A0-56FA-497A-B343-C22790530A2D}.Release|iPhoneSimulator.Build.0 = Release|Any CPU
		{DA91C012-FA56-4BFB-8B9A-3DD522C4D4B2}.Debug|Any CPU.ActiveCfg = Debug|Any CPU
		{DA91C012-FA56-4BFB-8B9A-3DD522C4D4B2}.Debug|Any CPU.Build.0 = Debug|Any CPU
		{DA91C012-FA56-4BFB-8B9A-3DD522C4D4B2}.Debug|Any CPU.Deploy.0 = Debug|Any CPU
		{DA91C012-FA56-4BFB-8B9A-3DD522C4D4B2}.Debug|iPhone.ActiveCfg = Debug|Any CPU
		{DA91C012-FA56-4BFB-8B9A-3DD522C4D4B2}.Debug|iPhone.Build.0 = Debug|Any CPU
		{DA91C012-FA56-4BFB-8B9A-3DD522C4D4B2}.Debug|iPhone.Deploy.0 = Debug|Any CPU
		{DA91C012-FA56-4BFB-8B9A-3DD522C4D4B2}.Debug|iPhoneSimulator.ActiveCfg = Debug|Any CPU
		{DA91C012-FA56-4BFB-8B9A-3DD522C4D4B2}.Debug|iPhoneSimulator.Build.0 = Debug|Any CPU
		{DA91C012-FA56-4BFB-8B9A-3DD522C4D4B2}.Debug|iPhoneSimulator.Deploy.0 = Debug|Any CPU
		{DA91C012-FA56-4BFB-8B9A-3DD522C4D4B2}.Release|Any CPU.ActiveCfg = Release|Any CPU
		{DA91C012-FA56-4BFB-8B9A-3DD522C4D4B2}.Release|Any CPU.Build.0 = Release|Any CPU
		{DA91C012-FA56-4BFB-8B9A-3DD522C4D4B2}.Release|Any CPU.Deploy.0 = Release|Any CPU
		{DA91C012-FA56-4BFB-8B9A-3DD522C4D4B2}.Release|iPhone.ActiveCfg = Release|Any CPU
		{DA91C012-FA56-4BFB-8B9A-3DD522C4D4B2}.Release|iPhone.Build.0 = Release|Any CPU
		{DA91C012-FA56-4BFB-8B9A-3DD522C4D4B2}.Release|iPhone.Deploy.0 = Release|Any CPU
		{DA91C012-FA56-4BFB-8B9A-3DD522C4D4B2}.Release|iPhoneSimulator.ActiveCfg = Release|Any CPU
		{DA91C012-FA56-4BFB-8B9A-3DD522C4D4B2}.Release|iPhoneSimulator.Build.0 = Release|Any CPU
		{DA91C012-FA56-4BFB-8B9A-3DD522C4D4B2}.Release|iPhoneSimulator.Deploy.0 = Release|Any CPU
		{D904EB6D-9D48-4FA5-9544-6118459942EA}.Debug|Any CPU.ActiveCfg = Debug|iPhone
		{D904EB6D-9D48-4FA5-9544-6118459942EA}.Debug|iPhone.ActiveCfg = Debug|iPhone
		{D904EB6D-9D48-4FA5-9544-6118459942EA}.Debug|iPhone.Build.0 = Debug|iPhone
		{D904EB6D-9D48-4FA5-9544-6118459942EA}.Debug|iPhoneSimulator.ActiveCfg = Debug|iPhoneSimulator
		{D904EB6D-9D48-4FA5-9544-6118459942EA}.Debug|iPhoneSimulator.Build.0 = Debug|iPhoneSimulator
		{D904EB6D-9D48-4FA5-9544-6118459942EA}.Release|Any CPU.ActiveCfg = Release|iPhone
		{D904EB6D-9D48-4FA5-9544-6118459942EA}.Release|iPhone.ActiveCfg = Release|iPhone
		{D904EB6D-9D48-4FA5-9544-6118459942EA}.Release|iPhone.Build.0 = Release|iPhone
		{D904EB6D-9D48-4FA5-9544-6118459942EA}.Release|iPhoneSimulator.ActiveCfg = Release|iPhoneSimulator
		{D904EB6D-9D48-4FA5-9544-6118459942EA}.Release|iPhoneSimulator.Build.0 = Release|iPhoneSimulator
		{0537835E-C453-493D-BE1D-3B3012D91B10}.Debug|Any CPU.ActiveCfg = Debug|Any CPU
		{0537835E-C453-493D-BE1D-3B3012D91B10}.Debug|iPhone.ActiveCfg = Debug|Any CPU
		{0537835E-C453-493D-BE1D-3B3012D91B10}.Debug|iPhone.Build.0 = Debug|Any CPU
		{0537835E-C453-493D-BE1D-3B3012D91B10}.Debug|iPhoneSimulator.ActiveCfg = Debug|Any CPU
		{0537835E-C453-493D-BE1D-3B3012D91B10}.Debug|iPhoneSimulator.Build.0 = Debug|Any CPU
		{0537835E-C453-493D-BE1D-3B3012D91B10}.Release|Any CPU.ActiveCfg = Release|Any CPU
		{0537835E-C453-493D-BE1D-3B3012D91B10}.Release|Any CPU.Build.0 = Release|Any CPU
		{0537835E-C453-493D-BE1D-3B3012D91B10}.Release|iPhone.ActiveCfg = Release|Any CPU
		{0537835E-C453-493D-BE1D-3B3012D91B10}.Release|iPhone.Build.0 = Release|Any CPU
		{0537835E-C453-493D-BE1D-3B3012D91B10}.Release|iPhoneSimulator.ActiveCfg = Release|Any CPU
		{0537835E-C453-493D-BE1D-3B3012D91B10}.Release|iPhoneSimulator.Build.0 = Release|Any CPU
		{BA7A9B73-29B1-496D-9858-DFE3C8AEF0FA}.Debug|Any CPU.ActiveCfg = Debug|Any CPU
		{BA7A9B73-29B1-496D-9858-DFE3C8AEF0FA}.Debug|iPhone.ActiveCfg = Debug|Any CPU
		{BA7A9B73-29B1-496D-9858-DFE3C8AEF0FA}.Debug|iPhone.Build.0 = Debug|Any CPU
		{BA7A9B73-29B1-496D-9858-DFE3C8AEF0FA}.Debug|iPhoneSimulator.ActiveCfg = Debug|Any CPU
		{BA7A9B73-29B1-496D-9858-DFE3C8AEF0FA}.Debug|iPhoneSimulator.Build.0 = Debug|Any CPU
		{BA7A9B73-29B1-496D-9858-DFE3C8AEF0FA}.Release|Any CPU.ActiveCfg = Release|Any CPU
		{BA7A9B73-29B1-496D-9858-DFE3C8AEF0FA}.Release|Any CPU.Build.0 = Release|Any CPU
		{BA7A9B73-29B1-496D-9858-DFE3C8AEF0FA}.Release|iPhone.ActiveCfg = Release|Any CPU
		{BA7A9B73-29B1-496D-9858-DFE3C8AEF0FA}.Release|iPhone.Build.0 = Release|Any CPU
		{BA7A9B73-29B1-496D-9858-DFE3C8AEF0FA}.Release|iPhoneSimulator.ActiveCfg = Release|Any CPU
		{BA7A9B73-29B1-496D-9858-DFE3C8AEF0FA}.Release|iPhoneSimulator.Build.0 = Release|Any CPU
	EndGlobalSection
	GlobalSection(SolutionProperties) = preSolution
		HideSolutionNode = FALSE
	EndGlobalSection
	GlobalSection(ExtensibilityGlobals) = postSolution
		SolutionGuid = {B2431BDD-A0F6-4B05-9DD0-D6A19D496443}
	EndGlobalSection
EndGlobal
